
Microsoft Visual Studio Solution File, Format Version 12.00
# Visual Studio Version 16
VisualStudioVersion = 16.0.32126.315
MinimumVisualStudioVersion = 10.0.40219.1
Project("{FAE04EC0-301F-11D3-BF4B-00C04F79EFBC}") = "modul6", "modul6\modul6.csproj", "{5CE5FE1D-A86F-4C13-A467-A2CACF8E8A49}"
EndProject
Global
	GlobalSection(SolutionConfigurationPlatforms) = preSolution
		Debug|Any CPU = Debug|Any CPU
		Release|Any CPU = Release|Any CPU
	EndGlobalSection
	GlobalSection(ProjectConfigurationPlatforms) = postSolution
		{5CE5FE1D-A86F-4C13-A467-A2CACF8E8A49}.Debug|Any CPU.ActiveCfg = Debug|Any CPU
		{5CE5FE1D-A86F-4C13-A467-A2CACF8E8A49}.Debug|Any CPU.Build.0 = Debug|Any CPU
		{5CE5FE1D-A86F-4C13-A467-A2CACF8E8A49}.Release|Any CPU.ActiveCfg = Release|Any CPU
		{5CE5FE1D-A86F-4C13-A467-A2CACF8E8A49}.Release|Any CPU.Build.0 = Release|Any CPU
	EndGlobalSection
	GlobalSection(SolutionProperties) = preSolution
		HideSolutionNode = FALSE
	EndGlobalSection
	GlobalSection(ExtensibilityGlobals) = postSolution
		SolutionGuid = {34FE1D70-7ECC-4FBE-97AA-03DA2017F34B}
	EndGlobalSection
EndGlobal
